// !$*UTF8*$!
{
    archiveVersion = 1;
    classes = {
    };
    objectVersion = 56;
    objects = {

/* Begin PBXBuildFile section */
        7A1234567890ABCD000000001 /* AppDelegate.swift in Sources */ = {isa = PBXBuildFile; fileRef = 7A1234567890ABCD000000002 /* AppDelegate.swift */; };
        7A1234567890ABCD000000003 /* ViewController.swift in Sources */ = {isa = PBXBuildFile; fileRef = 7A1234567890ABCD000000004 /* ViewController.swift */; };
        7A1234567890ABCD000000005 /* Main.storyboard in Resources */ = {isa = PBXBuildFile; fileRef = 7A1234567890ABCD000000006 /* Main.storyboard */; };
        7A1234567890ABCD000000007 /* LaunchScreen.storyboard in Resources */ = {isa = PBXBuildFile; fileRef = 7A1234567890ABCD000000008 /* LaunchScreen.storyboard */; };
/* End PBXBuildFile section */

/* Begin PBXFileReference section */
        7A1234567890ABCD0000000FF /* AndroidEmulator.app */ = {isa = PBXFileReference; explicitFileType = wrapper.application; includeInIndex = 0; path = AndroidEmulator.app; sourceTree = BUILT_PRODUCTS_DIR; };
        7A1234567890ABCD000000002 /* AppDelegate.swift */ = {isa = PBXFileReference; lastKnownFileType = sourcecode.swift; path = AppDelegate.swift; sourceTree = "<group>"; };
        7A1234567890ABCD000000004 /* ViewController.swift */ = {isa = PBXFileReference; lastKnownFileType = sourcecode.swift; path = ViewController.swift; sourceTree = "<group>"; };
        7A1234567890ABCD000000006 /* Base */ = {isa = PBXFileReference; lastKnownFileType = file.storyboard; name = Base; path = Base.lproj/Main.storyboard; sourceTree = "<group>"; };
        7A1234567890ABCD000000008 /* Base */ = {isa = PBXFileReference; lastKnownFileType = file.storyboard; name = Base; path = Base.lproj/LaunchScreen.storyboard; sourceTree = "<group>"; };
/* End PBXFileReference section */

/* Begin PBXFrameworksBuildPhase section */
        7A1234567890ABCD00000000A /* Frameworks */ = {
            isa = PBXFrameworksBuildPhase;
            buildActionMask = 2147483647;
            files = (
            );
            runOnlyForDeploymentPostprocessing = 0;
        };
/* End PBXFrameworksBuildPhase section */

/* Begin PBXGroup section */
        7A1234567890ABCD00000000B = {
            isa = PBXGroup;
            children = (
                7A1234567890ABCD00000000C /* AndroidEmulator */,
                7A1234567890ABCD00000000D /* Products */,
            );
            sourceTree = "<group>";
        };
        7A1234567890ABCD00000000C /* AndroidEmulator */ = {
            isa = PBXGroup;
            children = (
                7A1234567890ABCD000000002 /* AppDelegate.swift */,
                7A1234567890ABCD000000004 /* ViewController.swift */,
                7A1234567890ABCD000000006 /* Main.storyboard */,
                7A1234567890ABCD000000008 /* LaunchScreen.storyboard */,
            );
            path = AndroidEmulator;
            sourceTree = "<group>";
        };
        7A1234567890ABCD00000000D /* Products */ = {
            isa = PBXGroup;
            children = (
                7A1234567890ABCD0000000FF /* AndroidEmulator.app */,
            );
            name = Products;
            sourceTree = "<group>";
        };
/* End PBXGroup section */

/* Begin PBXNativeTarget section */
        7A1234567890ABCD00000000E /* AndroidEmulator */ = {
            isa = PBXNativeTarget;
            buildConfigurationList = 7A1234567890ABCD00000000F /* Build configuration list for PBXNativeTarget "AndroidEmulator" */;
            buildPhases = (
                7A1234567890ABCD000000010 /* Sources */,
                7A1234567890ABCD00000000A /* Frameworks */,
                7A1234567890ABCD000000011 /* Resources */,
            );
            buildRules = (
            );
            dependencies = (
            );
            name = AndroidEmulator;
            productName = AndroidEmulator;
            productReference = 7A1234567890ABCD0000000FF /* AndroidEmulator.app */;
            productType = "com.apple.product-type.application";
        };
/* End PBXNativeTarget section */

/* Begin PBXProject section */
        7A1234567890ABCD000000012 /* Project object */ = {
            isa = PBXProject;
            attributes = {
                BuildIndependentTargetsInParallel = 1;
                LastSwiftUpdateCheck = 1520;
                LastUpgradeCheck = 1520;
                TargetAttributes = {
                    7A1234567890ABCD00000000E = {
                        CreatedOnToolsVersion = 15.2;
                    };
                };
            };
            buildConfigurationList = 7A1234567890ABCD000000013 /* Build configuration list for PBXProject "AndroidEmulator" */;
            compatibilityVersion = "Xcode 14.0";
            developmentRegion = en;
            hasScannedForEncodings = 0;
            knownRegions = (
                en,
                Base,
            );
            mainGroup = 7A1234567890ABCD00000000B;
            productRefGroup = 7A1234567890ABCD00000000D /* Products */;
            projectDirPath = "";
            projectRoot = "";
            targets = (
                7A1234567890ABCD00000000E /* AndroidEmulator */,
            );
        };
/* End PBXProject section */

/* Begin PBXResourcesBuildPhase section */
        7A1234567890ABCD000000011 /* Resources */ = {
            isa = PBXResourcesBuildPhase;
            buildActionMask = 2147483647;
            files = (
                7A1234567890ABCD000000007 /* LaunchScreen.storyboard in Resources */,
                7A1234567890ABCD000000005 /* Main.storyboard in Resources */,
            );
            runOnlyForDeploymentPostprocessing = 0;
        };
/* End PBXResourcesBuildPhase section */

/* Begin PBXSourcesBuildPhase section */
        7A1234567890ABCD000000010 /* Sources */ = {
            isa = PBXSourcesBuildPhase;
            buildActionMask = 2147483647;
            files = (
                7A1234567890ABCD000000003 /* ViewController.swift in Sources */,
                7A1234567890ABCD000000001 /* AppDelegate.swift in Sources */,
            );
            runOnlyForDeploymentPostprocessing = 0;
        };
/* End PBXSourcesBuildPhase section */

/* Begin XCBuildConfiguration section */
        7A1234567890ABCD000000014 /* Debug */ = {
            isa = XCBuildConfiguration;
            buildSettings = {
                ALWAYS_SEARCH_USER_PATHS = NO;
                ASSETCATALOG_COMPILER_GENERATE_SWIFT_ASSET_SYMBOL_EXTENSIONS = YES;
                CLANG_ANALYZER_NONNULL = YES;
                CLANG_CXX_LANGUAGE_STANDARD = "gnu++20";
                CLANG_ENABLE_MODULES = YES;
                CLANG_ENABLE_OBJC_ARC = YES;
                CLANG_WARN_BLOCK_CAPTURE_AUTORELEASING = YES;
                CLANG_WARN_BOOL_CONVERSION = YES;
                CLANG_WARN_CONSTANT_CONVERSION = YES;
                CLANG_WARN_DEPRECATED_OBJC_IMPLEMENTATIONS = YES;
                CLANG_WARN_DIRECT_OBJC_ISA_USAGE = YES_ERROR;
                CLANG_WARN_DOCUMENTATION_COMMENTS = YES;
                CLANG_WARN_EMPTY_BODY = YES;
                CLANG_WARN_ENUM_CONVERSION = YES;
                CLANG_WARN_INFINITE_RECURSION = YES;
                CLANG_WARN_INT_CONVERSION = YES;
                CLANG_WARN_NON_LITERAL_NULL_CONVERSION = YES;
                CLANG_WARN_OBJC_IMPLICIT_RETAIN_SELF = YES;
                CLANG_WARN_OBJC_LITERAL_CONVERSION = YES;
                CLANG_WARN_OBJC_ROOT_CLASS = YES_ERROR;
                CLANG_WARN_QUOTED_INCLUDE_IN_FRAMEWORK_HEADER = YES;
                CLANG_WARN_RANGE_LOOP_ANALYSIS = YES;
                CLANG_WARN_STRICT_PROTOTYPES = YES;
                CLANG_WARN_SUSPICIOUS_MOVE = YES;
                CLANG_WARN_UNGUARDED_AVAILABILITY = YES_AGGRESSIVE;
                CLANG_WARN_UNREACHABLE_CODE = YES;
                CLANG_WARN__DUPLICATE_METHOD_MATCH = YES;
                COPY_PHASE_STRIP = NO;
                DEBUG_INFORMATION_FORMAT = dwarf;
                ENABLE_STRICT_OBJC_MSGSEND = YES;
                ENABLE_TESTABILITY = YES;
                ENABLE_USER_SCRIPT_SANDBOXING = YES;
                GCC_C_LANGUAGE_STANDARD = gnu17;
                GCC_DYNAMIC_NO_PIC = NO;
                GCC_NO_COMMON_BLOCKS = YES;
                GCC_OPTIMIZATION_LEVEL = 0;
                GCC_PREPROCESSOR_DEFINITIONS = (
                    "DEBUG=1",
                    "$(inherited)",
                );
                GCC_WARN_64_TO_32_BIT_CONVERSION = YES;
                GCC_WARN_ABOUT_RETURN_TYPE = YES_ERROR;
                GCC_WARN_UNDECLARED_SELECTOR = YES;
                GCC_WARN_UNINITIALIZED_AUTOS = YES_AGGRESSIVE;
                GCC_WARN_UNUSED_FUNCTION = YES;
                GCC_WARN_UNUSED_VARIABLE = YES;
                IPHONEOS_DEPLOYMENT_TARGET = 16.0;
                LOCALIZATION_PREFERS_STRING_CATALOGS = YES;
                MTL_ENABLE_DEBUG_INFO = INCLUDE_SOURCE;
                MTL_FAST_MATH = YES;
                ONLY_ACTIVE_ARCH = YES;
                SDKROOT = iphoneos;
                SWIFT_ACTIVE_COMPILATION_CONDITIONS = "DEBUG $(inherited)";
                SWIFT_OPTIMIZATION_LEVEL = "-Onone";
            };
            name = Debug;
        };
        7A1234567890ABCD000000015 /* Release */ = {
            isa = XCBuildConfiguration;
            buildSettings = {
                ALWAYS_SEARCH_USER_PATHS = NO;
                ASSETCATALOG_COMPILER_GENERATE_SWIFT_ASSET_SYMBOL_EXTENSIONS = YES;
                CLANG_ANALYZER_NONNULL = YES;
                CLANG_CXX_LANGUAGE_STANDARD = "gnu++20";
                CLANG_ENABLE_MODULES = YES;
                CLANG_ENABLE_OBJC_ARC = YES;
                CLANG_WARN_BLOCK_CAPTURE_AUTORELEASING = YES;
                CLANG_WARN_BOOL_CONVERSION = YES;
                CLANG_WARN_CONSTANT_CONVERSION = YES;
                CLANG_WARN_DEPRECATED_OBJC_IMPLEMENTATIONS = YES;
                CLANG_WARN_DIRECT_OBJC_ISA_USAGE = YES_ERROR;
                CLANG_WARN_DOCUMENTATION_COMMENTS = YES;
                CLANG_WARN_EMPTY_BODY = YES;
                CLANG_WARN_ENUM_CONVERSION = YES;
                CLANG_WARN_INFINITE_RECURSION = YES;
                CLANG_WARN_INT_CONVERSION = YES;
                CLANG_WARN_NON_LITERAL_NULL_CONVERSION = YES;
                CLANG_WARN_OBJC_IMPLICIT_RETAIN_SELF = YES;
                CLANG_WARN_OBJC_LITERAL_CONVERSION = YES;
                CLANG_WARN_OBJC_ROOT_CLASS = YES_ERROR;
                CLANG_WARN_QUOTED_INCLUDE_IN_FRAMEWORK_HEADER = YES;
                CLANG_WARN_RANGE_LOOP_ANALYSIS = YES;
                CLANG_WARN_STRICT_PROTOTYPES = YES;
                CLANG_WARN_SUSPICIOUS_MOVE = YES;
                CLANG_WARN_UNGUARDED_AVAILABILITY = YES_AGGRESSIVE;
                CLANG_WARN_UNREACHABLE_CODE = YES;
                CLANG_WARN__DUPLICATE_METHOD_MATCH = YES;
                COPY_PHASE_STRIP = NO;
                DEBUG_INFORMATION_FORMAT = "dwarf-with-dsym";
                ENABLE_NS_ASSERTIONS = NO;
                ENABLE_STRICT_OBJC_MSGSEND = YES;
                ENABLE_USER_SCRIPT_SANDBOXING = YES;
                GCC_C_LANGUAGE_STANDARD = gnu17;
                GCC_NO_COMMON_BLOCKS = YES;
                GCC_WARN_64_TO_32_BIT_CONVERSION = YES;
                GCC_WARN_ABOUT_RETURN_TYPE = YES_ERROR;
                GCC_WARN_UNDECLARED_SELECTOR = YES;
                GCC_WARN_UNINITIALIZED_AUTOS = YES_AGGRESSIVE;
                GCC_WARN_UNUSED_FUNCTION = YES;
                GCC_WARN_UNUSED_VARIABLE = YES;
                IPHONEOS_DEPLOYMENT_TARGET = 16.0;
                LOCALIZATION_PREFERS_STRING_CATALOGS = YES;
                MTL_ENABLE_DEBUG_INFO = NO;
                MTL_FAST_MATH = YES;
                SDKROOT = iphoneos;
                SWIFT_COMPILATION_MODE = wholemodule;
                VALIDATE_PRODUCT = YES;
            };
            name = Release;
        };
        7A1234567890ABCD000000016 /* Debug */ = {
            isa = XCBuildConfiguration;
            buildSettings = {
                ASSETCATALOG_COMPILER_APPICON_NAME = AppIcon;
                CODE_SIGN_STYLE = Manual;
                CURRENT_PROJECT_VERSION = 1;
                DEVELOPMENT_TEAM = "";
                GENERATE_INFOPLIST_FILE = YES;
                INFOPLIST_KEY_UIApplicationSupportsIndirectInputEvents = YES;
                INFOPLIST_KEY_UILaunchStoryboardName = LaunchScreen;
                INFOPLIST_KEY_UIMainStoryboardFile = Main;
                INFOPLIST_KEY_UISupportedInterfaceOrientations_iPad = "UIInterfaceOrientationPortrait UIInterfaceOrientationPortraitUpsideDown UIInterfaceOrientationLandscapeLeft UIInterfaceOrientationLandscapeRight";
                INFOPLIST_KEY_UISupportedInterfaceOrientations_iPhone = "UIInterfaceOrientationPortrait UIInterfaceOrientationLandscapeLeft UIInterfaceOrientationLandscapeRight";
                LD_RUNPATH_SEARCH_PATHS = (
                    "$(inherited)",
                    "@executable_path/Frameworks",
                );
                MARKETING_VERSION = 1.0;
                PRODUCT_BUNDLE_IDENTIFIER = "com.alot1z.androidemulator";
                PRODUCT_NAME = "$(TARGET_NAME)";
                PROVISIONING_PROFILE_SPECIFIER = "";
                SWIFT_EMIT_LOC_STRINGS = YES;
                SWIFT_VERSION = 5.0;
                TARGETED_DEVICE_FAMILY = "1,2";
            };
            name = Debug;
        };
        7A1234567890ABCD000000017 /* Release */ = {
            isa = XCBuildConfiguration;
            buildSettings = {
                ASSETCATALOG_COMPILER_APPICON_NAME = AppIcon;
                CODE_SIGN_STYLE = Manual;
                CURRENT_PROJECT_VERSION = 1;
                DEVELOPMENT_TEAM = "";
                GENERATE_INFOPLIST_FILE = YES;
                INFOPLIST_KEY_UIApplicationSupportsIndirectInputEvents = YES;
                INFOPLIST_KEY_UILaunchStoryboardName = LaunchScreen;
                INFOPLIST_KEY_UIMainStoryboardFile = Main;
                INFOPLIST_KEY_UISupportedInterfaceOrientations_iPad = "UIInterfaceOrientationPortrait UIInterfaceOrientationPortraitUpsideDown UIInterfaceOrientationLandscapeLeft UIInterfaceOrientationLandscapeRight";
                INFOPLIST_KEY_UISupportedInterfaceOrientations_iPhone = "UIInterfaceOrientationPortrait UIInterfaceOrientationLandscapeLeft UIInterfaceOrientationLandscapeRight";
                LD_RUNPATH_SEARCH_PATHS = (
                    "$(inherited)",
                    "@executable_path/Frameworks",
                );
                MARKETING_VERSION = 1.0;
                PRODUCT_BUNDLE_IDENTIFIER = "com.alot1z.androidemulator";
                PRODUCT_NAME = "$(TARGET_NAME)";
                PROVISIONING_PROFILE_SPECIFIER = "";
                SWIFT_EMIT_LOC_STRINGS = YES;
                SWIFT_VERSION = 5.0;
                TARGETED_DEVICE_FAMILY = "1,2";
            };
            name = Release;
        };
/* End XCBuildConfiguration section */

/* Begin XCConfigurationList section */
        7A1234567890ABCD000000013 /* Build configuration list for PBXProject "AndroidEmulator" */ = {
            isa = XCConfigurationList;
            buildConfigurations = (
                7A1234567890ABCD000000014 /* Debug */,
                7A1234567890ABCD000000015 /* Release */,
            );
            defaultConfigurationIsVisible = 0;
            defaultConfigurationName = Release;
        };
        7A1234567890ABCD00000000F /* Build configuration list for PBXNativeTarget "AndroidEmulator" */ = {
            isa = XCConfigurationList;
            buildConfigurations = (
                7A1234567890ABCD000000016 /* Debug */,
                7A1234567890ABCD000000017 /* Release */,
            );
            defaultConfigurationIsVisible = 0;
            defaultConfigurationName = Release;
        };
/* End XCConfigurationList section */

    };
    rootObject = 7A1234567890ABCD000000012 /* Project object */;
}
